# THIS IS AN AUTOGENERATED FILE. DO NOT EDIT THIS FILE DIRECTLY.
# yarn lockfile v1


"@nomiclabs/hardhat-waffle@^2.0.3":
  version "2.0.3"
  resolved "https://registry.yarnpkg.com/@nomiclabs/hardhat-waffle/-/hardhat-waffle-2.0.3.tgz#9c538a09c5ed89f68f5fd2dc3f78f16ed1d6e0b1"
  integrity sha512-049PHSnI1CZq6+XTbrMbMv5NaL7cednTfPenx02k3cEh8wBMLa6ys++dBETJa6JjfwgA9nBhhHQ173LJv6k2Pg==
  dependencies:
    "@types/sinon-chai" "^3.2.3"
    "@types/web3" "1.0.19"

"@openzeppelin/contracts@^4.6.0":
  version "4.6.0"
  resolved "https://registry.yarnpkg.com/@openzeppelin/contracts/-/contracts-4.6.0.tgz#c91cf64bc27f573836dba4122758b4743418c1b3"
  integrity sha512-8vi4d50NNya/bQqCmaVzvHNmwHvS0OBKb7HNtuNwEE3scXWrP31fKQoGxNMT+KbzmrNZzatE3QK5p2gFONI/hg==

"@types/bn.js@*":
  version "5.1.0"
  resolved "https://registry.yarnpkg.com/@types/bn.js/-/bn.js-5.1.0.tgz#32c5d271503a12653c62cf4d2b45e6eab8cebc68"
  integrity sha512-QSSVYj7pYFN49kW77o2s9xTCwZ8F2xLbjLLSEVh8D2F4JUhZtPAGOFLTD+ffqksBx/u4cE/KImFjyhqCjn/LIA==
  dependencies:
    "@types/node" "*"

"@types/chai@*":
  version "4.3.1"
  resolved "https://registry.yarnpkg.com/@types/chai/-/chai-4.3.1.tgz#e2c6e73e0bdeb2521d00756d099218e9f5d90a04"
  integrity sha512-/zPMqDkzSZ8t3VtxOa4KPq7uzzW978M9Tvh+j7GHKuo6k6GTLxPJ4J5gE5cjfJ26pnXst0N5Hax8Sr0T2Mi9zQ==

"@types/node@*":
  version "18.0.0"
  resolved "https://registry.yarnpkg.com/@types/node/-/node-18.0.0.tgz#67c7b724e1bcdd7a8821ce0d5ee184d3b4dd525a"
  integrity sha512-cHlGmko4gWLVI27cGJntjs/Sj8th9aYwplmZFwmmgYQQvL5NUsgVJG7OddLvNfLqYS31KFN0s3qlaD9qCaxACA==

"@types/sinon-chai@^3.2.3":
  version "3.2.8"
  resolved "https://registry.yarnpkg.com/@types/sinon-chai/-/sinon-chai-3.2.8.tgz#5871d09ab50d671d8e6dd72e9073f8e738ac61dc"
  integrity sha512-d4ImIQbT/rKMG8+AXpmcan5T2/PNeSjrYhvkwet6z0p8kzYtfgA32xzOBlbU0yqJfq+/0Ml805iFoODO0LP5/g==
  dependencies:
    "@types/chai" "*"
    "@types/sinon" "*"

"@types/sinon@*":
  version "10.0.11"
  resolved "https://registry.yarnpkg.com/@types/sinon/-/sinon-10.0.11.tgz#8245827b05d3fc57a6601bd35aee1f7ad330fc42"
  integrity sha512-dmZsHlBsKUtBpHriNjlK0ndlvEh8dcb9uV9Afsbt89QIyydpC7NcR+nWlAhASfy3GHnxTl4FX/aKE7XZUt/B4g==
  dependencies:
    "@types/sinonjs__fake-timers" "*"

"@types/sinonjs__fake-timers@*":
  version "8.1.2"
  resolved "https://registry.yarnpkg.com/@types/sinonjs__fake-timers/-/sinonjs__fake-timers-8.1.2.tgz#bf2e02a3dbd4aecaf95942ecd99b7402e03fad5e"
  integrity sha512-9GcLXF0/v3t80caGs5p2rRfkB+a8VBGLJZVih6CNFkx8IZ994wiKKLSRs9nuFwk1HevWs/1mnUmkApGrSGsShA==

"@types/underscore@*":
  version "1.11.4"
  resolved "https://registry.yarnpkg.com/@types/underscore/-/underscore-1.11.4.tgz#62e393f8bc4bd8a06154d110c7d042a93751def3"
  integrity sha512-uO4CD2ELOjw8tasUrAhvnn2W4A0ZECOvMjCivJr4gA9pGgjv+qxKWY9GLTMVEK8ej85BxQOocUyE7hImmSQYcg==

"@types/web3@1.0.19":
  version "1.0.19"
  resolved "https://registry.yarnpkg.com/@types/web3/-/web3-1.0.19.tgz#46b85d91d398ded9ab7c85a5dd57cb33ac558924"
  integrity sha512-fhZ9DyvDYDwHZUp5/STa9XW2re0E8GxoioYJ4pEUZ13YHpApSagixj7IAdoYH5uAK+UalGq6Ml8LYzmgRA/q+A==
  dependencies:
    "@types/bn.js" "*"
    "@types/underscore" "*"
